
Microsoft Visual Studio Solution File, Format Version 12.00
# Visual Studio Version 17
VisualStudioVersion = 17.14.36310.24 d17.14
MinimumVisualStudioVersion = 10.0.40219.1
Project("{FAE04EC0-301F-11D3-BF4B-00C04F79EFBC}") = "EcoLift", "EcoLift\EcoLift.csproj", "{69579903-6FED-4BD4-B4ED-CAA9AE11A9FB}"
EndProject
Global
	GlobalSection(SolutionConfigurationPlatforms) = preSolution
		Debug|Any CPU = Debug|Any CPU
		Release|Any CPU = Release|Any CPU
	EndGlobalSection
	GlobalSection(ProjectConfigurationPlatforms) = postSolution
		{69579903-6FED-4BD4-B4ED-CAA9AE11A9FB}.Debug|Any CPU.ActiveCfg = Debug|Any CPU
		{69579903-6FED-4BD4-B4ED-CAA9AE11A9FB}.Debug|Any CPU.Build.0 = Debug|Any CPU
		{69579903-6FED-4BD4-B4ED-CAA9AE11A9FB}.Release|Any CPU.ActiveCfg = Release|Any CPU
		{69579903-6FED-4BD4-B4ED-CAA9AE11A9FB}.Release|Any CPU.Build.0 = Release|Any CPU
	EndGlobalSection
	GlobalSection(SolutionProperties) = preSolution
		HideSolutionNode = FALSE
	EndGlobalSection
	GlobalSection(ExtensibilityGlobals) = postSolution
		SolutionGuid = {69113DBF-9759-4134-83AB-FE336B6D5FAF}
	EndGlobalSection
EndGlobal
